
Microsoft Visual Studio Solution File, Format Version 12.00
# Visual Studio Version 17
VisualStudioVersion = 17.13.35931.197 d17.13
MinimumVisualStudioVersion = 10.0.40219.1
Project("{FAE04EC0-301F-11D3-BF4B-00C04F79EFBC}") = "SeatMe", "SeatMe.csproj", "{1B419A16-7773-42E2-AC28-1D52E7520731}"
EndProject
Global
	GlobalSection(SolutionConfigurationPlatforms) = preSolution
		Debug|Any CPU = Debug|Any CPU
		Release|Any CPU = Release|Any CPU
	EndGlobalSection
	GlobalSection(ProjectConfigurationPlatforms) = postSolution
		{1B419A16-7773-42E2-AC28-1D52E7520731}.Debug|Any CPU.ActiveCfg = Debug|Any CPU
		{1B419A16-7773-42E2-AC28-1D52E7520731}.Debug|Any CPU.Build.0 = Debug|Any CPU
		{1B419A16-7773-42E2-AC28-1D52E7520731}.Release|Any CPU.ActiveCfg = Release|Any CPU
		{1B419A16-7773-42E2-AC28-1D52E7520731}.Release|Any CPU.Build.0 = Release|Any CPU
	EndGlobalSection
	GlobalSection(SolutionProperties) = preSolution
		HideSolutionNode = FALSE
	EndGlobalSection
	GlobalSection(ExtensibilityGlobals) = postSolution
		SolutionGuid = {3C888CFF-2B92-4501-9579-D6D8328F90B1}
	EndGlobalSection
EndGlobal
